
Microsoft Visual Studio Solution File, Format Version 12.00
# Visual Studio Version 17
VisualStudioVersion = 17.1.32328.378
MinimumVisualStudioVersion = 10.0.40219.1
Project("{FAE04EC0-301F-11D3-BF4B-00C04F79EFBC}") = "Sistema ACA", "Sistema ACA\Sistema ACA.csproj", "{0B18C43D-AC20-4E90-8F72-CD59E5C4630C}"
EndProject
Global
	GlobalSection(SolutionConfigurationPlatforms) = preSolution
		Debug|Any CPU = Debug|Any CPU
		Release|Any CPU = Release|Any CPU
	EndGlobalSection
	GlobalSection(ProjectConfigurationPlatforms) = postSolution
		{0B18C43D-AC20-4E90-8F72-CD59E5C4630C}.Debug|Any CPU.ActiveCfg = Debug|Any CPU
		{0B18C43D-AC20-4E90-8F72-CD59E5C4630C}.Debug|Any CPU.Build.0 = Debug|Any CPU
		{0B18C43D-AC20-4E90-8F72-CD59E5C4630C}.Release|Any CPU.ActiveCfg = Release|Any CPU
		{0B18C43D-AC20-4E90-8F72-CD59E5C4630C}.Release|Any CPU.Build.0 = Release|Any CPU
	EndGlobalSection
	GlobalSection(SolutionProperties) = preSolution
		HideSolutionNode = FALSE
	EndGlobalSection
	GlobalSection(ExtensibilityGlobals) = postSolution
		SolutionGuid = {4A9D310E-0F70-40B1-A348-834CCB58803B}
	EndGlobalSection
EndGlobal
